
Microsoft Visual Studio Solution File, Format Version 12.00
# Visual Studio Version 17
VisualStudioVersion = 17.4.33213.308
MinimumVisualStudioVersion = 10.0.40219.1
Project("{FAE04EC0-301F-11D3-BF4B-00C04F79EFBC}") = "Category_Product_CRUD", "Category_Product_CRUD\Category_Product_CRUD.csproj", "{B0384555-4ECE-41AA-9A2A-0CB5A18CFD97}"
EndProject
Global
	GlobalSection(SolutionConfigurationPlatforms) = preSolution
		Debug|Any CPU = Debug|Any CPU
		Release|Any CPU = Release|Any CPU
	EndGlobalSection
	GlobalSection(ProjectConfigurationPlatforms) = postSolution
		{B0384555-4ECE-41AA-9A2A-0CB5A18CFD97}.Debug|Any CPU.ActiveCfg = Debug|Any CPU
		{B0384555-4ECE-41AA-9A2A-0CB5A18CFD97}.Debug|Any CPU.Build.0 = Debug|Any CPU
		{B0384555-4ECE-41AA-9A2A-0CB5A18CFD97}.Release|Any CPU.ActiveCfg = Release|Any CPU
		{B0384555-4ECE-41AA-9A2A-0CB5A18CFD97}.Release|Any CPU.Build.0 = Release|Any CPU
	EndGlobalSection
	GlobalSection(SolutionProperties) = preSolution
		HideSolutionNode = FALSE
	EndGlobalSection
	GlobalSection(ExtensibilityGlobals) = postSolution
		SolutionGuid = {FA0C418A-C21B-43A7-97E4-E1056204F468}
	EndGlobalSection
EndGlobal
